
Microsoft Visual Studio Solution File, Format Version 12.00
# Visual Studio Version 17
VisualStudioVersion = 17.2.32630.192
MinimumVisualStudioVersion = 10.0.40219.1
Project("{9A19103F-16F7-4668-BE54-9A1E7A4F7556}") = "D8S.L0011", "D8S.L0011\D8S.L0011.csproj", "{297678A5-66F6-4F44-91D9-08892D933007}"
EndProject
Global
	GlobalSection(SolutionConfigurationPlatforms) = preSolution
		Debug|Any CPU = Debug|Any CPU
		Release|Any CPU = Release|Any CPU
	EndGlobalSection
	GlobalSection(ProjectConfigurationPlatforms) = postSolution
		{297678A5-66F6-4F44-91D9-08892D933007}.Debug|Any CPU.ActiveCfg = Debug|Any CPU
		{297678A5-66F6-4F44-91D9-08892D933007}.Debug|Any CPU.Build.0 = Debug|Any CPU
		{297678A5-66F6-4F44-91D9-08892D933007}.Release|Any CPU.ActiveCfg = Release|Any CPU
		{297678A5-66F6-4F44-91D9-08892D933007}.Release|Any CPU.Build.0 = Release|Any CPU
	EndGlobalSection
	GlobalSection(SolutionProperties) = preSolution
		HideSolutionNode = FALSE
	EndGlobalSection
	GlobalSection(ExtensibilityGlobals) = postSolution
		SolutionGuid = {47B37E7A-328B-4120-8404-B34B33E3BE4E}
	EndGlobalSection
EndGlobal
