
Microsoft Visual Studio Solution File, Format Version 12.00
# Visual Studio Version 17
VisualStudioVersion = 17.2.32630.192
MinimumVisualStudioVersion = 10.0.40219.1
Project("{9A19103F-16F7-4668-BE54-9A1E7A4F7556}") = "D8S.L0011.Construction", "D8S.L0011.Construction\D8S.L0011.Construction.csproj", "{4225ED27-537C-4F78-A949-9E5D7DF33E28}"
EndProject
Project("{9A19103F-16F7-4668-BE54-9A1E7A4F7556}") = "D8S.L0011", "D8S.L0011\D8S.L0011.csproj", "{0CB22CE8-6F0D-4932-BB57-5708E6EA31B9}"
EndProject
Project("{2150E333-8FDC-42A3-9474-1A3956D46DE8}") = "_Dependencies", "_Dependencies", "{49D1C42B-33DB-4EE9-A7B1-3F57899A4DFF}"
EndProject
Project("{9A19103F-16F7-4668-BE54-9A1E7A4F7556}") = "R5T.L0066", "..\..\..\SafetyCone\R5T.L0066\source\R5T.L0066\R5T.L0066.csproj", "{936E65BD-54FC-44AF-B135-93EB0D437890}"
EndProject
Project("{9A19103F-16F7-4668-BE54-9A1E7A4F7556}") = "R5T.NG0011", "..\..\..\SafetyCone\R5T.NG0011\source\R5T.NG0011\R5T.NG0011.csproj", "{7E30FE3B-229A-4BD7-9B15-DB692796F9E1}"
EndProject
Project("{9A19103F-16F7-4668-BE54-9A1E7A4F7556}") = "R5T.T0131", "..\..\..\SafetyCone\R5T.T0131\source\R5T.T0131\R5T.T0131.csproj", "{026097EC-695E-4F9B-A362-760D5C27A70A}"
EndProject
Project("{9A19103F-16F7-4668-BE54-9A1E7A4F7556}") = "R5T.T0132", "..\..\..\SafetyCone\R5T.T0132\source\R5T.T0132\R5T.T0132.csproj", "{D3968562-8E5B-47A1-95D4-24E380726FEB}"
EndProject
Project("{9A19103F-16F7-4668-BE54-9A1E7A4F7556}") = "R5T.T0142", "..\..\..\SafetyCone\R5T.T0142\source\R5T.T0142\R5T.T0142.csproj", "{0558CFB1-9188-4AC2-A1F9-CFE58C95DE48}"
EndProject
Project("{9A19103F-16F7-4668-BE54-9A1E7A4F7556}") = "R5T.T0143", "..\..\..\SafetyCone\R5T.T0143\source\R5T.T0143\R5T.T0143.csproj", "{E98791F9-D09C-4B58-BDBF-F555F144BF0E}"
EndProject
Project("{9A19103F-16F7-4668-BE54-9A1E7A4F7556}") = "R5T.T0156", "..\..\..\SafetyCone\R5T.T0156\source\R5T.T0156\R5T.T0156.csproj", "{8C33C40E-9BD2-4F3A-82BE-E33D9A0E9452}"
EndProject
Project("{9A19103F-16F7-4668-BE54-9A1E7A4F7556}") = "R5T.T0241", "..\..\..\SafetyCone\R5T.T0241\source\R5T.T0241\R5T.T0241.csproj", "{8E887D4D-145E-4C0C-B63E-FBDB9FF7F346}"
EndProject
Project("{9A19103F-16F7-4668-BE54-9A1E7A4F7556}") = "R5T.Y0006", "..\..\..\SafetyCone\R5T.Y0006\source\R5T.Y0006\R5T.Y0006.csproj", "{72AAF5F2-181B-4DF5-AB97-BC64A8973F68}"
EndProject
Global
	GlobalSection(NestedProjects) = preSolution
		{936E65BD-54FC-44AF-B135-93EB0D437890} = {49D1C42B-33DB-4EE9-A7B1-3F57899A4DFF}
		{7E30FE3B-229A-4BD7-9B15-DB692796F9E1} = {49D1C42B-33DB-4EE9-A7B1-3F57899A4DFF}
		{026097EC-695E-4F9B-A362-760D5C27A70A} = {49D1C42B-33DB-4EE9-A7B1-3F57899A4DFF}
		{D3968562-8E5B-47A1-95D4-24E380726FEB} = {49D1C42B-33DB-4EE9-A7B1-3F57899A4DFF}
		{0558CFB1-9188-4AC2-A1F9-CFE58C95DE48} = {49D1C42B-33DB-4EE9-A7B1-3F57899A4DFF}
		{E98791F9-D09C-4B58-BDBF-F555F144BF0E} = {49D1C42B-33DB-4EE9-A7B1-3F57899A4DFF}
		{8C33C40E-9BD2-4F3A-82BE-E33D9A0E9452} = {49D1C42B-33DB-4EE9-A7B1-3F57899A4DFF}
		{8E887D4D-145E-4C0C-B63E-FBDB9FF7F346} = {49D1C42B-33DB-4EE9-A7B1-3F57899A4DFF}
		{72AAF5F2-181B-4DF5-AB97-BC64A8973F68} = {49D1C42B-33DB-4EE9-A7B1-3F57899A4DFF}
	EndGlobalSection
	GlobalSection(SolutionConfigurationPlatforms) = preSolution
		Debug|Any CPU = Debug|Any CPU
		Release|Any CPU = Release|Any CPU
	EndGlobalSection
	GlobalSection(ProjectConfigurationPlatforms) = postSolution
		{4225ED27-537C-4F78-A949-9E5D7DF33E28}.Debug|Any CPU.ActiveCfg = Debug|Any CPU
		{4225ED27-537C-4F78-A949-9E5D7DF33E28}.Debug|Any CPU.Build.0 = Debug|Any CPU
		{4225ED27-537C-4F78-A949-9E5D7DF33E28}.Release|Any CPU.ActiveCfg = Release|Any CPU
		{4225ED27-537C-4F78-A949-9E5D7DF33E28}.Release|Any CPU.Build.0 = Release|Any CPU
		{0CB22CE8-6F0D-4932-BB57-5708E6EA31B9}.Debug|Any CPU.ActiveCfg = Debug|Any CPU
		{0CB22CE8-6F0D-4932-BB57-5708E6EA31B9}.Debug|Any CPU.Build.0 = Debug|Any CPU
		{0CB22CE8-6F0D-4932-BB57-5708E6EA31B9}.Release|Any CPU.ActiveCfg = Release|Any CPU
		{0CB22CE8-6F0D-4932-BB57-5708E6EA31B9}.Release|Any CPU.Build.0 = Release|Any CPU
		{936E65BD-54FC-44AF-B135-93EB0D437890}.Debug|Any CPU.ActiveCfg = Debug|Any CPU
		{936E65BD-54FC-44AF-B135-93EB0D437890}.Debug|Any CPU.Build.0 = Debug|Any CPU
		{936E65BD-54FC-44AF-B135-93EB0D437890}.Release|Any CPU.ActiveCfg = Release|Any CPU
		{936E65BD-54FC-44AF-B135-93EB0D437890}.Release|Any CPU.Build.0 = Release|Any CPU
		{7E30FE3B-229A-4BD7-9B15-DB692796F9E1}.Debug|Any CPU.ActiveCfg = Debug|Any CPU
		{7E30FE3B-229A-4BD7-9B15-DB692796F9E1}.Debug|Any CPU.Build.0 = Debug|Any CPU
		{7E30FE3B-229A-4BD7-9B15-DB692796F9E1}.Release|Any CPU.ActiveCfg = Release|Any CPU
		{7E30FE3B-229A-4BD7-9B15-DB692796F9E1}.Release|Any CPU.Build.0 = Release|Any CPU
		{026097EC-695E-4F9B-A362-760D5C27A70A}.Debug|Any CPU.ActiveCfg = Debug|Any CPU
		{026097EC-695E-4F9B-A362-760D5C27A70A}.Debug|Any CPU.Build.0 = Debug|Any CPU
		{026097EC-695E-4F9B-A362-760D5C27A70A}.Release|Any CPU.ActiveCfg = Release|Any CPU
		{026097EC-695E-4F9B-A362-760D5C27A70A}.Release|Any CPU.Build.0 = Release|Any CPU
		{D3968562-8E5B-47A1-95D4-24E380726FEB}.Debug|Any CPU.ActiveCfg = Debug|Any CPU
		{D3968562-8E5B-47A1-95D4-24E380726FEB}.Debug|Any CPU.Build.0 = Debug|Any CPU
		{D3968562-8E5B-47A1-95D4-24E380726FEB}.Release|Any CPU.ActiveCfg = Release|Any CPU
		{D3968562-8E5B-47A1-95D4-24E380726FEB}.Release|Any CPU.Build.0 = Release|Any CPU
		{0558CFB1-9188-4AC2-A1F9-CFE58C95DE48}.Debug|Any CPU.ActiveCfg = Debug|Any CPU
		{0558CFB1-9188-4AC2-A1F9-CFE58C95DE48}.Debug|Any CPU.Build.0 = Debug|Any CPU
		{0558CFB1-9188-4AC2-A1F9-CFE58C95DE48}.Release|Any CPU.ActiveCfg = Release|Any CPU
		{0558CFB1-9188-4AC2-A1F9-CFE58C95DE48}.Release|Any CPU.Build.0 = Release|Any CPU
		{E98791F9-D09C-4B58-BDBF-F555F144BF0E}.Debug|Any CPU.ActiveCfg = Debug|Any CPU
		{E98791F9-D09C-4B58-BDBF-F555F144BF0E}.Debug|Any CPU.Build.0 = Debug|Any CPU
		{E98791F9-D09C-4B58-BDBF-F555F144BF0E}.Release|Any CPU.ActiveCfg = Release|Any CPU
		{E98791F9-D09C-4B58-BDBF-F555F144BF0E}.Release|Any CPU.Build.0 = Release|Any CPU
		{8C33C40E-9BD2-4F3A-82BE-E33D9A0E9452}.Debug|Any CPU.ActiveCfg = Debug|Any CPU
		{8C33C40E-9BD2-4F3A-82BE-E33D9A0E9452}.Debug|Any CPU.Build.0 = Debug|Any CPU
		{8C33C40E-9BD2-4F3A-82BE-E33D9A0E9452}.Release|Any CPU.ActiveCfg = Release|Any CPU
		{8C33C40E-9BD2-4F3A-82BE-E33D9A0E9452}.Release|Any CPU.Build.0 = Release|Any CPU
		{8E887D4D-145E-4C0C-B63E-FBDB9FF7F346}.Debug|Any CPU.ActiveCfg = Debug|Any CPU
		{8E887D4D-145E-4C0C-B63E-FBDB9FF7F346}.Debug|Any CPU.Build.0 = Debug|Any CPU
		{8E887D4D-145E-4C0C-B63E-FBDB9FF7F346}.Release|Any CPU.ActiveCfg = Release|Any CPU
		{8E887D4D-145E-4C0C-B63E-FBDB9FF7F346}.Release|Any CPU.Build.0 = Release|Any CPU
		{72AAF5F2-181B-4DF5-AB97-BC64A8973F68}.Debug|Any CPU.ActiveCfg = Debug|Any CPU
		{72AAF5F2-181B-4DF5-AB97-BC64A8973F68}.Debug|Any CPU.Build.0 = Debug|Any CPU
		{72AAF5F2-181B-4DF5-AB97-BC64A8973F68}.Release|Any CPU.ActiveCfg = Release|Any CPU
		{72AAF5F2-181B-4DF5-AB97-BC64A8973F68}.Release|Any CPU.Build.0 = Release|Any CPU
	EndGlobalSection
	GlobalSection(SolutionProperties) = preSolution
		HideSolutionNode = FALSE
	EndGlobalSection
	GlobalSection(ExtensibilityGlobals) = postSolution
		SolutionGuid = {1EFF8310-AA93-4AB0-BF54-1CC987F43B90}
	EndGlobalSection
EndGlobal
